
Microsoft Visual Studio Solution File, Format Version 12.00
# Visual Studio 2012
Project("{FAE04EC0-301F-11D3-BF4B-00C04F79EFBC}") = "BMGL.UI", "BMGL.UI\BMGL.UI.csproj", "{4A51C4AA-7911-4B21-A485-F1D85DA1179C}"
EndProject
Project("{FAE04EC0-301F-11D3-BF4B-00C04F79EFBC}") = "BMGL.Model", "BMGL.Model\BMGL.Model.csproj", "{15BF77CF-13A2-4736-9BD3-A4CE26CB10A5}"
EndProject
Project("{FAE04EC0-301F-11D3-BF4B-00C04F79EFBC}") = "BMGL.DAL", "BMGL.DAL\BMGL.DAL.csproj", "{E3A6E821-E231-4CE1-BBEA-C0771E345F93}"
EndProject
Project("{FAE04EC0-301F-11D3-BF4B-00C04F79EFBC}") = "BMGL.BLL", "BMGL.BLL\BMGL.BLL.csproj", "{888D69BD-4D41-4F8F-8EA5-9713C24C6E02}"
EndProject
Global
	GlobalSection(SolutionConfigurationPlatforms) = preSolution
		Debug|Any CPU = Debug|Any CPU
		Release|Any CPU = Release|Any CPU
	EndGlobalSection
	GlobalSection(ProjectConfigurationPlatforms) = postSolution
		{4A51C4AA-7911-4B21-A485-F1D85DA1179C}.Debug|Any CPU.ActiveCfg = Debug|Any CPU
		{4A51C4AA-7911-4B21-A485-F1D85DA1179C}.Debug|Any CPU.Build.0 = Debug|Any CPU
		{4A51C4AA-7911-4B21-A485-F1D85DA1179C}.Release|Any CPU.ActiveCfg = Release|Any CPU
		{4A51C4AA-7911-4B21-A485-F1D85DA1179C}.Release|Any CPU.Build.0 = Release|Any CPU
		{15BF77CF-13A2-4736-9BD3-A4CE26CB10A5}.Debug|Any CPU.ActiveCfg = Debug|Any CPU
		{15BF77CF-13A2-4736-9BD3-A4CE26CB10A5}.Debug|Any CPU.Build.0 = Debug|Any CPU
		{15BF77CF-13A2-4736-9BD3-A4CE26CB10A5}.Release|Any CPU.ActiveCfg = Release|Any CPU
		{15BF77CF-13A2-4736-9BD3-A4CE26CB10A5}.Release|Any CPU.Build.0 = Release|Any CPU
		{E3A6E821-E231-4CE1-BBEA-C0771E345F93}.Debug|Any CPU.ActiveCfg = Debug|Any CPU
		{E3A6E821-E231-4CE1-BBEA-C0771E345F93}.Debug|Any CPU.Build.0 = Debug|Any CPU
		{E3A6E821-E231-4CE1-BBEA-C0771E345F93}.Release|Any CPU.ActiveCfg = Release|Any CPU
		{E3A6E821-E231-4CE1-BBEA-C0771E345F93}.Release|Any CPU.Build.0 = Release|Any CPU
		{888D69BD-4D41-4F8F-8EA5-9713C24C6E02}.Debug|Any CPU.ActiveCfg = Debug|Any CPU
		{888D69BD-4D41-4F8F-8EA5-9713C24C6E02}.Debug|Any CPU.Build.0 = Debug|Any CPU
		{888D69BD-4D41-4F8F-8EA5-9713C24C6E02}.Release|Any CPU.ActiveCfg = Release|Any CPU
		{888D69BD-4D41-4F8F-8EA5-9713C24C6E02}.Release|Any CPU.Build.0 = Release|Any CPU
	EndGlobalSection
	GlobalSection(SolutionProperties) = preSolution
		HideSolutionNode = FALSE
	EndGlobalSection
EndGlobal
